
Microsoft Visual Studio Solution File, Format Version 12.00
# Visual Studio Version 17
VisualStudioVersion = 17.0.31912.275
MinimumVisualStudioVersion = 10.0.40219.1
Project("{9A19103F-16F7-4668-BE54-9A1E7A4F7556}") = "pdf", "pdf.csproj", "{37886A55-0F14-434D-89F5-5A16618A5A43}"
EndProject
Global
	GlobalSection(SolutionConfigurationPlatforms) = preSolution
		Debug|Any CPU = Debug|Any CPU
		Release|Any CPU = Release|Any CPU
	EndGlobalSection
	GlobalSection(ProjectConfigurationPlatforms) = postSolution
		{37886A55-0F14-434D-89F5-5A16618A5A43}.Debug|Any CPU.ActiveCfg = Debug|Any CPU
		{37886A55-0F14-434D-89F5-5A16618A5A43}.Debug|Any CPU.Build.0 = Debug|Any CPU
		{37886A55-0F14-434D-89F5-5A16618A5A43}.Release|Any CPU.ActiveCfg = Release|Any CPU
		{37886A55-0F14-434D-89F5-5A16618A5A43}.Release|Any CPU.Build.0 = Release|Any CPU
	EndGlobalSection
	GlobalSection(SolutionProperties) = preSolution
		HideSolutionNode = FALSE
	EndGlobalSection
	GlobalSection(ExtensibilityGlobals) = postSolution
		SolutionGuid = {833B3046-8A1F-436A-94DA-3DC3400F8257}
	EndGlobalSection
EndGlobal
